<?xml version="1.0" encoding="utf-8"?>
<Project ToolsVersion="4.0" xmlns="http://schemas.microsoft.com/developer/msbuild/2003">
  <ItemGroup>
    <Filter Include="99.ETC">
      <UniqueIdentifier>{c49e134e-59da-4092-8565-fc3cc678cf89}</UniqueIdentifier>
    </Filter>
    <Filter Include="98.Headers">
      <UniqueIdentifier>{32f0502c-8b13-41db-a642-a93e14a7d33d}</UniqueIdentifier>
    </Filter>
    <Filter Include="97.Graphic_Dev">
      <UniqueIdentifier>{5bf8dbe3-b0d5-4af0-b07d-760eee5cf3ab}</UniqueIdentifier>
    </Filter>
    <Filter Include="97.Managers">
      <UniqueIdentifier>{39cced62-f5cb-4ca7-840a-838c78db5e58}</UniqueIdentifier>
    </Filter>
    <Filter Include="00.MainApp">
      <UniqueIdentifier>{e1b52b35-b75a-4f6b-a02a-a085c1e63920}</UniqueIdentifier>
    </Filter>
    <Filter Include="01.Scene">
      <UniqueIdentifier>{27851af7-9663-4e95-aa40-9af130f426a4}</UniqueIdentifier>
    </Filter>
    <Filter Include="02.Obj">
      <UniqueIdentifier>{935b3220-bf8a-43aa-a780-f4d92b276214}</UniqueIdentifier>
    </Filter>
    <Filter Include="02.Obj\99.Manager">
      <UniqueIdentifier>{6c5f114b-dbd2-4f84-b869-459c95d59e1a}</UniqueIdentifier>
    </Filter>
    <Filter Include="01.Scene\99.Manager">
      <UniqueIdentifier>{40031a7f-e0e0-4881-baae-c4fee1fabc19}</UniqueIdentifier>
    </Filter>
    <Filter Include="97.Managers\00.Collision_Mgr">
      <UniqueIdentifier>{dbf0723d-047a-44f5-909d-575169629dc8}</UniqueIdentifier>
    </Filter>
    <Filter Include="97.Managers\01.Key_Mgr">
      <UniqueIdentifier>{8afcb501-8bd6-4b32-9445-cf459794a70c}</UniqueIdentifier>
    </Filter>
    <Filter Include="01.Scene\01.Stage">
      <UniqueIdentifier>{375317cf-6eb8-4cae-9bb5-67e8e25c26e8}</UniqueIdentifier>
    </Filter>
    <Filter Include="02.Obj\02.Item">
      <UniqueIdentifier>{1a76ced9-89e8-42d9-9b6c-61823a9c8f58}</UniqueIdentifier>
    </Filter>
    <Filter Include="02.Obj\99.Manager\00.ObjMgr">
      <UniqueIdentifier>{95c00b27-db21-4720-8318-b9e33969f071}</UniqueIdentifier>
    </Filter>
    <Filter Include="02.Obj\01.Field">
      <UniqueIdentifier>{a683b040-f68e-4173-89f0-aa2d76ac86a1}</UniqueIdentifier>
    </Filter>
    <Filter Include="02.Obj\01.Field\00.Floor">
      <UniqueIdentifier>{2d8966f4-a021-4792-a6e5-1d67e3181313}</UniqueIdentifier>
    </Filter>
    <Filter Include="02.Obj\01.Field\02.LowHill">
      <UniqueIdentifier>{1a7f4e54-7bc1-4799-8114-667c3f899b80}</UniqueIdentifier>
    </Filter>
    <Filter Include="02.Obj\01.Field\03.HighHill">
      <UniqueIdentifier>{771248c0-fa1b-4902-99f9-30f7246ecafc}</UniqueIdentifier>
    </Filter>
    <Filter Include="02.Obj\01.Field\04.Bullet">
      <UniqueIdentifier>{abd98fdd-bdc8-4444-8877-89276b5c66e6}</UniqueIdentifier>
    </Filter>
    <Filter Include="02.Obj\01.Field\01.Floor2F">
      <UniqueIdentifier>{a8725a28-e6e9-4b5b-ac7c-90de7fb15fda}</UniqueIdentifier>
    </Filter>
  </ItemGroup>
  <ItemGroup>
    <ClInclude Include="Resource.h">
      <Filter>99.ETC</Filter>
    </ClInclude>
    <ClInclude Include="Running_Game_TeamProject.h">
      <Filter>99.ETC</Filter>
    </ClInclude>
    <ClInclude Include="stdafx.h">
      <Filter>99.ETC</Filter>
    </ClInclude>
    <ClInclude Include="targetver.h">
      <Filter>99.ETC</Filter>
    </ClInclude>
    <ClInclude Include="Include.h">
      <Filter>98.Headers</Filter>
    </ClInclude>
    <ClInclude Include="MainApp.h">
      <Filter>00.MainApp</Filter>
    </ClInclude>
    <ClInclude Include="Obj.h">
      <Filter>02.Obj</Filter>
    </ClInclude>
    <ClInclude Include="Scene.h">
      <Filter>01.Scene</Filter>
    </ClInclude>
    <ClInclude Include="SceneMgr.h">
      <Filter>01.Scene\99.Manager</Filter>
    </ClInclude>
    <ClInclude Include="Struct.h">
      <Filter>98.Headers</Filter>
    </ClInclude>
    <ClInclude Include="Typedef.h">
      <Filter>98.Headers</Filter>
    </ClInclude>
    <ClInclude Include="Define.h">
      <Filter>98.Headers</Filter>
    </ClInclude>
    <ClInclude Include="Enum.h">
      <Filter>98.Headers</Filter>
    </ClInclude>
    <ClInclude Include="Functor.h">
      <Filter>98.Headers</Filter>
    </ClInclude>
    <ClInclude Include="KeyMgr.h">
      <Filter>97.Managers\01.Key_Mgr</Filter>
    </ClInclude>
    <ClInclude Include="Graphic_Dev.h">
      <Filter>97.Graphic_Dev</Filter>
    </ClInclude>
    <ClInclude Include="Collision_Manager.h">
      <Filter>97.Managers\00.Collision_Mgr</Filter>
    </ClInclude>
    <ClInclude Include="Stage.h">
      <Filter>01.Scene\01.Stage</Filter>
    </ClInclude>
    <ClInclude Include="Item.h">
      <Filter>02.Obj\02.Item</Filter>
    </ClInclude>
    <ClInclude Include="Obj_Manager.h">
      <Filter>02.Obj\99.Manager\00.ObjMgr</Filter>
    </ClInclude>
    <ClInclude Include="FieldHurdle.h">
      <Filter>02.Obj\01.Field</Filter>
    </ClInclude>
  </ItemGroup>
  <ItemGroup>
    <ClCompile Include="Running_Game_TeamProject.cpp">
      <Filter>99.ETC</Filter>
    </ClCompile>
    <ClCompile Include="stdafx.cpp">
      <Filter>99.ETC</Filter>
    </ClCompile>
    <ClCompile Include="MainApp.cpp">
      <Filter>00.MainApp</Filter>
    </ClCompile>
    <ClCompile Include="Obj.cpp">
      <Filter>02.Obj</Filter>
    </ClCompile>
    <ClCompile Include="Scene.cpp">
      <Filter>01.Scene</Filter>
    </ClCompile>
    <ClCompile Include="SceneMgr.cpp">
      <Filter>01.Scene\99.Manager</Filter>
    </ClCompile>
    <ClCompile Include="KeyMgr.cpp">
      <Filter>97.Managers\01.Key_Mgr</Filter>
    </ClCompile>
    <ClCompile Include="Graphic_Dev.cpp">
      <Filter>97.Graphic_Dev</Filter>
    </ClCompile>
    <ClCompile Include="Collision_Manager.cpp">
      <Filter>97.Managers\00.Collision_Mgr</Filter>
    </ClCompile>
    <ClCompile Include="Stage.cpp">
      <Filter>01.Scene\01.Stage</Filter>
    </ClCompile>
    <ClCompile Include="Item.cpp">
      <Filter>02.Obj\02.Item</Filter>
    </ClCompile>
    <ClCompile Include="Obj_Manager.cpp">
      <Filter>02.Obj\99.Manager\00.ObjMgr</Filter>
    </ClCompile>
    <ClCompile Include="FieldHurdle.cpp">
      <Filter>02.Obj\01.Field</Filter>
    </ClCompile>
  </ItemGroup>
  <ItemGroup>
    <Image Include="Running_Game_TeamProject.ico">
      <Filter>99.ETC</Filter>
    </Image>
    <Image Include="small.ico">
      <Filter>99.ETC</Filter>
    </Image>
  </ItemGroup>
  <ItemGroup>
    <ResourceCompile Include="Running_Game_TeamProject.rc">
      <Filter>99.ETC</Filter>
    </ResourceCompile>
  </ItemGroup>
  <ItemGroup>
    <Text Include="ReadMe.txt">
      <Filter>99.ETC</Filter>
    </Text>
  </ItemGroup>
</Project>