<?xml version="1.0" encoding="utf-8"?>
<Project ToolsVersion="4.0" xmlns="http://schemas.microsoft.com/developer/msbuild/2003">
  <ItemGroup>
    <Filter Include="99.ETC">
      <UniqueIdentifier>{c49e134e-59da-4092-8565-fc3cc678cf89}</UniqueIdentifier>
    </Filter>
    <Filter Include="98.Headers">
      <UniqueIdentifier>{32f0502c-8b13-41db-a642-a93e14a7d33d}</UniqueIdentifier>
    </Filter>
    <Filter Include="97.Managers">
      <UniqueIdentifier>{39cced62-f5cb-4ca7-840a-838c78db5e58}</UniqueIdentifier>
    </Filter>
    <Filter Include="00.MainApp">
      <UniqueIdentifier>{e1b52b35-b75a-4f6b-a02a-a085c1e63920}</UniqueIdentifier>
    </Filter>
    <Filter Include="01.Scene">
      <UniqueIdentifier>{27851af7-9663-4e95-aa40-9af130f426a4}</UniqueIdentifier>
    </Filter>
    <Filter Include="02.Obj">
      <UniqueIdentifier>{935b3220-bf8a-43aa-a780-f4d92b276214}</UniqueIdentifier>
    </Filter>
    <Filter Include="02.Obj\99.Manager">
      <UniqueIdentifier>{6c5f114b-dbd2-4f84-b869-459c95d59e1a}</UniqueIdentifier>
    </Filter>
    <Filter Include="01.Scene\99.Manager">
      <UniqueIdentifier>{40031a7f-e0e0-4881-baae-c4fee1fabc19}</UniqueIdentifier>
    </Filter>
    <Filter Include="97.Managers\00.Collision_Mgr">
      <UniqueIdentifier>{dbf0723d-047a-44f5-909d-575169629dc8}</UniqueIdentifier>
    </Filter>
    <Filter Include="97.Managers\01.Key_Mgr">
      <UniqueIdentifier>{8afcb501-8bd6-4b32-9445-cf459794a70c}</UniqueIdentifier>
    </Filter>
    <Filter Include="01.Scene\01.Stage">
      <UniqueIdentifier>{375317cf-6eb8-4cae-9bb5-67e8e25c26e8}</UniqueIdentifier>
    </Filter>
    <Filter Include="02.Obj\02.Item">
      <UniqueIdentifier>{1a76ced9-89e8-42d9-9b6c-61823a9c8f58}</UniqueIdentifier>
    </Filter>
    <Filter Include="02.Obj\99.Manager\00.ObjMgr">
      <UniqueIdentifier>{95c00b27-db21-4720-8318-b9e33969f071}</UniqueIdentifier>
    </Filter>
    <Filter Include="02.Obj\01.Field">
      <UniqueIdentifier>{a683b040-f68e-4173-89f0-aa2d76ac86a1}</UniqueIdentifier>
    </Filter>
    <Filter Include="02.Obj\03.Player">
      <UniqueIdentifier>{a04d56e3-0624-4c46-b8b0-2e169676b31d}</UniqueIdentifier>
    </Filter>
    <Filter Include="96.Graphic_Dev">
      <UniqueIdentifier>{5bf8dbe3-b0d5-4af0-b07d-760eee5cf3ab}</UniqueIdentifier>
    </Filter>
    <Filter Include="95.Texture">
      <UniqueIdentifier>{8f2a37b7-deb6-478d-afc3-52c243971a9e}</UniqueIdentifier>
    </Filter>
    <Filter Include="95.Texture\00.Single_Texture">
      <UniqueIdentifier>{b800aa27-8ccb-4452-bb9b-934b134a0769}</UniqueIdentifier>
    </Filter>
    <Filter Include="95.Texture\01.Multi_Texture">
      <UniqueIdentifier>{cdd7f05d-99c2-4419-98d7-093e493a3275}</UniqueIdentifier>
    </Filter>
    <Filter Include="95.Texture\99.Texture_Manager">
      <UniqueIdentifier>{a48760dc-7653-4dae-a09c-710d77a9a714}</UniqueIdentifier>
    </Filter>
    <Filter Include="01.Scene\02.Menu">
      <UniqueIdentifier>{bfc27d2a-e91c-43e7-919b-fbdb92608c75}</UniqueIdentifier>
    </Filter>
    <Filter Include="01.Scene\03.Edit">
      <UniqueIdentifier>{742893d0-2d6f-4385-a907-52fe3cdc47ea}</UniqueIdentifier>
    </Filter>
    <Filter Include="97.Managers\02.Scroll_Mgr">
      <UniqueIdentifier>{86b2b4e3-c933-4a2c-aa6b-996905457ccf}</UniqueIdentifier>
    </Filter>
    <Filter Include="97.Managers\03.Filed_Mgr">
      <UniqueIdentifier>{db9b2a5e-5971-45c9-9fb7-f17d4dacc219}</UniqueIdentifier>
    </Filter>
    <Filter Include="97.Managers\04.Line_Mgr">
      <UniqueIdentifier>{8bbecb45-629a-4bdb-bb7e-269c69d46d2b}</UniqueIdentifier>
    </Filter>
    <Filter Include="97.Managers\04.Line_Mgr\Line">
      <UniqueIdentifier>{647cd553-217c-4543-bab5-bfc32ed5daa0}</UniqueIdentifier>
    </Filter>
  </ItemGroup>
  <ItemGroup>
    <ClInclude Include="Resource.h">
      <Filter>99.ETC</Filter>
    </ClInclude>
    <ClInclude Include="Running_Game_TeamProject.h">
      <Filter>99.ETC</Filter>
    </ClInclude>
    <ClInclude Include="stdafx.h">
      <Filter>99.ETC</Filter>
    </ClInclude>
    <ClInclude Include="targetver.h">
      <Filter>99.ETC</Filter>
    </ClInclude>
    <ClInclude Include="Include.h">
      <Filter>98.Headers</Filter>
    </ClInclude>
    <ClInclude Include="MainApp.h">
      <Filter>00.MainApp</Filter>
    </ClInclude>
    <ClInclude Include="Obj.h">
      <Filter>02.Obj</Filter>
    </ClInclude>
    <ClInclude Include="Scene.h">
      <Filter>01.Scene</Filter>
    </ClInclude>
    <ClInclude Include="SceneMgr.h">
      <Filter>01.Scene\99.Manager</Filter>
    </ClInclude>
    <ClInclude Include="Struct.h">
      <Filter>98.Headers</Filter>
    </ClInclude>
    <ClInclude Include="Typedef.h">
      <Filter>98.Headers</Filter>
    </ClInclude>
    <ClInclude Include="Define.h">
      <Filter>98.Headers</Filter>
    </ClInclude>
    <ClInclude Include="Enum.h">
      <Filter>98.Headers</Filter>
    </ClInclude>
    <ClInclude Include="Functor.h">
      <Filter>98.Headers</Filter>
    </ClInclude>
    <ClInclude Include="KeyMgr.h">
      <Filter>97.Managers\01.Key_Mgr</Filter>
    </ClInclude>
    <ClInclude Include="Graphic_Dev.h">
      <Filter>96.Graphic_Dev</Filter>
    </ClInclude>
    <ClInclude Include="Collision_Manager.h">
      <Filter>97.Managers\00.Collision_Mgr</Filter>
    </ClInclude>
    <ClInclude Include="Stage.h">
      <Filter>01.Scene\01.Stage</Filter>
    </ClInclude>
    <ClInclude Include="Item.h">
      <Filter>02.Obj\02.Item</Filter>
    </ClInclude>
    <ClInclude Include="Obj_Manager.h">
      <Filter>02.Obj\99.Manager\00.ObjMgr</Filter>
    </ClInclude>
    <ClInclude Include="FieldHurdle.h">
      <Filter>02.Obj\01.Field</Filter>
    </ClInclude>
    <ClInclude Include="Single_Texture.h">
      <Filter>95.Texture\00.Single_Texture</Filter>
    </ClInclude>
    <ClInclude Include="Texture.h">
      <Filter>95.Texture</Filter>
    </ClInclude>
    <ClInclude Include="Multi_Texture.h">
      <Filter>95.Texture\01.Multi_Texture</Filter>
    </ClInclude>
    <ClInclude Include="Texture_Manager.h">
      <Filter>95.Texture\99.Texture_Manager</Filter>
    </ClInclude>
    <ClInclude Include="Player.h">
      <Filter>02.Obj\03.Player</Filter>
    </ClInclude>
    <ClInclude Include="MyEdit.h">
      <Filter>01.Scene\03.Edit</Filter>
    </ClInclude>
    <ClInclude Include="MyMenu.h">
      <Filter>01.Scene\02.Menu</Filter>
    </ClInclude>
    <ClInclude Include="Scroll_Manager.h">
      <Filter>97.Managers\02.Scroll_Mgr</Filter>
    </ClInclude>
    <ClInclude Include="Terrain.h">
      <Filter>97.Managers\03.Filed_Mgr</Filter>
    </ClInclude>
    <ClInclude Include="Extern.h">
      <Filter>98.Headers</Filter>
    </ClInclude>
    <ClInclude Include="Line.h">
      <Filter>97.Managers\04.Line_Mgr\Line</Filter>
    </ClInclude>
    <ClInclude Include="LineMgr.h">
      <Filter>97.Managers\04.Line_Mgr</Filter>
    </ClInclude>
  </ItemGroup>
  <ItemGroup>
    <ClCompile Include="Running_Game_TeamProject.cpp">
      <Filter>99.ETC</Filter>
    </ClCompile>
    <ClCompile Include="stdafx.cpp">
      <Filter>99.ETC</Filter>
    </ClCompile>
    <ClCompile Include="MainApp.cpp">
      <Filter>00.MainApp</Filter>
    </ClCompile>
    <ClCompile Include="Obj.cpp">
      <Filter>02.Obj</Filter>
    </ClCompile>
    <ClCompile Include="Scene.cpp">
      <Filter>01.Scene</Filter>
    </ClCompile>
    <ClCompile Include="SceneMgr.cpp">
      <Filter>01.Scene\99.Manager</Filter>
    </ClCompile>
    <ClCompile Include="KeyMgr.cpp">
      <Filter>97.Managers\01.Key_Mgr</Filter>
    </ClCompile>
    <ClCompile Include="Graphic_Dev.cpp">
      <Filter>96.Graphic_Dev</Filter>
    </ClCompile>
    <ClCompile Include="Collision_Manager.cpp">
      <Filter>97.Managers\00.Collision_Mgr</Filter>
    </ClCompile>
    <ClCompile Include="Stage.cpp">
      <Filter>01.Scene\01.Stage</Filter>
    </ClCompile>
    <ClCompile Include="Item.cpp">
      <Filter>02.Obj\02.Item</Filter>
    </ClCompile>
    <ClCompile Include="Obj_Manager.cpp">
      <Filter>02.Obj\99.Manager\00.ObjMgr</Filter>
    </ClCompile>
    <ClCompile Include="FieldHurdle.cpp">
      <Filter>02.Obj\01.Field</Filter>
    </ClCompile>
    <ClCompile Include="Single_Texture.cpp">
      <Filter>95.Texture\00.Single_Texture</Filter>
    </ClCompile>
    <ClCompile Include="Texture.cpp">
      <Filter>95.Texture</Filter>
    </ClCompile>
    <ClCompile Include="Multi_Texture.cpp">
      <Filter>95.Texture\01.Multi_Texture</Filter>
    </ClCompile>
    <ClCompile Include="Texture_Manager.cpp">
      <Filter>95.Texture\99.Texture_Manager</Filter>
    </ClCompile>
    <ClCompile Include="Player.cpp">
      <Filter>02.Obj\03.Player</Filter>
    </ClCompile>
    <ClCompile Include="MyEdit.cpp">
      <Filter>01.Scene\03.Edit</Filter>
    </ClCompile>
    <ClCompile Include="MyMenu.cpp">
      <Filter>01.Scene\02.Menu</Filter>
    </ClCompile>
    <ClCompile Include="Scroll_Manager.cpp">
      <Filter>97.Managers\02.Scroll_Mgr</Filter>
    </ClCompile>
    <ClCompile Include="Terrain.cpp">
      <Filter>97.Managers\03.Filed_Mgr</Filter>
    </ClCompile>
    <ClCompile Include="Line.cpp">
      <Filter>97.Managers\04.Line_Mgr\Line</Filter>
    </ClCompile>
    <ClCompile Include="LineMgr.cpp">
      <Filter>97.Managers\04.Line_Mgr</Filter>
    </ClCompile>
  </ItemGroup>
  <ItemGroup>
    <Image Include="Running_Game_TeamProject.ico">
      <Filter>99.ETC</Filter>
    </Image>
    <Image Include="small.ico">
      <Filter>99.ETC</Filter>
    </Image>
  </ItemGroup>
  <ItemGroup>
    <ResourceCompile Include="Running_Game_TeamProject.rc">
      <Filter>99.ETC</Filter>
    </ResourceCompile>
  </ItemGroup>
  <ItemGroup>
    <Text Include="ReadMe.txt">
      <Filter>99.ETC</Filter>
    </Text>
  </ItemGroup>
</Project>