<?xml version="1.0" encoding="utf-8"?>
<Project ToolsVersion="4.0" xmlns="http://schemas.microsoft.com/developer/msbuild/2003">
  <ItemGroup>
    <Filter Include="99.ETC">
      <UniqueIdentifier>{c49e134e-59da-4092-8565-fc3cc678cf89}</UniqueIdentifier>
    </Filter>
    <Filter Include="98.Headers">
      <UniqueIdentifier>{32f0502c-8b13-41db-a642-a93e14a7d33d}</UniqueIdentifier>
    </Filter>
    <Filter Include="97.Graphic_Dev">
      <UniqueIdentifier>{5bf8dbe3-b0d5-4af0-b07d-760eee5cf3ab}</UniqueIdentifier>
    </Filter>
    <Filter Include="97.Managers">
      <UniqueIdentifier>{39cced62-f5cb-4ca7-840a-838c78db5e58}</UniqueIdentifier>
    </Filter>
    <Filter Include="00.MainApp">
      <UniqueIdentifier>{e1b52b35-b75a-4f6b-a02a-a085c1e63920}</UniqueIdentifier>
    </Filter>
    <Filter Include="01.Scene">
      <UniqueIdentifier>{27851af7-9663-4e95-aa40-9af130f426a4}</UniqueIdentifier>
    </Filter>
    <Filter Include="02.Obj">
      <UniqueIdentifier>{935b3220-bf8a-43aa-a780-f4d92b276214}</UniqueIdentifier>
    </Filter>
    <Filter Include="02.Obj\99.Manager">
      <UniqueIdentifier>{6c5f114b-dbd2-4f84-b869-459c95d59e1a}</UniqueIdentifier>
    </Filter>
    <Filter Include="01.Scene\99.Manager">
      <UniqueIdentifier>{40031a7f-e0e0-4881-baae-c4fee1fabc19}</UniqueIdentifier>
    </Filter>
    <Filter Include="97.Managers\00.Collision_Mgr">
      <UniqueIdentifier>{dbf0723d-047a-44f5-909d-575169629dc8}</UniqueIdentifier>
    </Filter>
    <Filter Include="97.Managers\01.Key_Mgr">
      <UniqueIdentifier>{8afcb501-8bd6-4b32-9445-cf459794a70c}</UniqueIdentifier>
    </Filter>
    <Filter Include="01.Scene\01.Stage">
      <UniqueIdentifier>{375317cf-6eb8-4cae-9bb5-67e8e25c26e8}</UniqueIdentifier>
    </Filter>
    <Filter Include="02.Obj\00.Player">
      <UniqueIdentifier>{79104faf-46a5-49ce-b4e8-0e51eb2c551d}</UniqueIdentifier>
    </Filter>
    <Filter Include="96.Texture">
      <UniqueIdentifier>{323affcc-0f13-45b4-8fad-bf4979969894}</UniqueIdentifier>
    </Filter>
    <Filter Include="96.Texture\00.Single_Texture">
      <UniqueIdentifier>{f3180600-3f0c-4631-8a98-fe037d4cebd2}</UniqueIdentifier>
    </Filter>
    <Filter Include="96.Texture\01.Multi_Texture">
      <UniqueIdentifier>{9542db14-a358-4f62-ab70-80fe8872777c}</UniqueIdentifier>
    </Filter>
  </ItemGroup>
  <ItemGroup>
    <ClInclude Include="Resource.h">
      <Filter>99.ETC</Filter>
    </ClInclude>
    <ClInclude Include="Running_Game_TeamProject.h">
      <Filter>99.ETC</Filter>
    </ClInclude>
    <ClInclude Include="stdafx.h">
      <Filter>99.ETC</Filter>
    </ClInclude>
    <ClInclude Include="targetver.h">
      <Filter>99.ETC</Filter>
    </ClInclude>
    <ClInclude Include="Include.h">
      <Filter>98.Headers</Filter>
    </ClInclude>
    <ClInclude Include="MainApp.h">
      <Filter>00.MainApp</Filter>
    </ClInclude>
    <ClInclude Include="Obj.h">
      <Filter>02.Obj</Filter>
    </ClInclude>
    <ClInclude Include="Scene.h">
      <Filter>01.Scene</Filter>
    </ClInclude>
    <ClInclude Include="SceneMgr.h">
      <Filter>01.Scene\99.Manager</Filter>
    </ClInclude>
    <ClInclude Include="Struct.h">
      <Filter>98.Headers</Filter>
    </ClInclude>
    <ClInclude Include="Typedef.h">
      <Filter>98.Headers</Filter>
    </ClInclude>
    <ClInclude Include="Define.h">
      <Filter>98.Headers</Filter>
    </ClInclude>
    <ClInclude Include="Enum.h">
      <Filter>98.Headers</Filter>
    </ClInclude>
    <ClInclude Include="Functor.h">
      <Filter>98.Headers</Filter>
    </ClInclude>
    <ClInclude Include="KeyMgr.h">
      <Filter>97.Managers\01.Key_Mgr</Filter>
    </ClInclude>
    <ClInclude Include="Graphic_Dev.h">
      <Filter>97.Graphic_Dev</Filter>
    </ClInclude>
    <ClInclude Include="Collision_Manager.h">
      <Filter>97.Managers\00.Collision_Mgr</Filter>
    </ClInclude>
    <ClInclude Include="Obj_Manager.h">
      <Filter>02.Obj\99.Manager</Filter>
    </ClInclude>
    <ClInclude Include="Stage.h">
      <Filter>01.Scene\01.Stage</Filter>
    </ClInclude>
    <ClInclude Include="Player.h">
      <Filter>02.Obj\00.Player</Filter>
    </ClInclude>
    <ClInclude Include="Texture.h">
      <Filter>96.Texture</Filter>
    </ClInclude>
    <ClInclude Include="Multi_Texture.h">
      <Filter>96.Texture\01.Multi_Texture</Filter>
    </ClInclude>
    <ClInclude Include="Single_Texture.h">
      <Filter>96.Texture\00.Single_Texture</Filter>
    </ClInclude>
  </ItemGroup>
  <ItemGroup>
    <ClCompile Include="Running_Game_TeamProject.cpp">
      <Filter>99.ETC</Filter>
    </ClCompile>
    <ClCompile Include="stdafx.cpp">
      <Filter>99.ETC</Filter>
    </ClCompile>
    <ClCompile Include="MainApp.cpp">
      <Filter>00.MainApp</Filter>
    </ClCompile>
    <ClCompile Include="Obj.cpp">
      <Filter>02.Obj</Filter>
    </ClCompile>
    <ClCompile Include="Scene.cpp">
      <Filter>01.Scene</Filter>
    </ClCompile>
    <ClCompile Include="SceneMgr.cpp">
      <Filter>01.Scene\99.Manager</Filter>
    </ClCompile>
    <ClCompile Include="KeyMgr.cpp">
      <Filter>97.Managers\01.Key_Mgr</Filter>
    </ClCompile>
    <ClCompile Include="Graphic_Dev.cpp">
      <Filter>97.Graphic_Dev</Filter>
    </ClCompile>
    <ClCompile Include="Collision_Manager.cpp">
      <Filter>97.Managers\00.Collision_Mgr</Filter>
    </ClCompile>
    <ClCompile Include="Obj_Manager.cpp">
      <Filter>02.Obj\99.Manager</Filter>
    </ClCompile>
    <ClCompile Include="Stage.cpp">
      <Filter>01.Scene\01.Stage</Filter>
    </ClCompile>
    <ClCompile Include="Player.cpp">
      <Filter>02.Obj\00.Player</Filter>
    </ClCompile>
    <ClCompile Include="Texture.cpp">
      <Filter>96.Texture</Filter>
    </ClCompile>
    <ClCompile Include="Multi_Texture.cpp">
      <Filter>96.Texture\01.Multi_Texture</Filter>
    </ClCompile>
    <ClCompile Include="Single_Texture.cpp">
      <Filter>96.Texture\00.Single_Texture</Filter>
    </ClCompile>
  </ItemGroup>
  <ItemGroup>
    <Image Include="Running_Game_TeamProject.ico">
      <Filter>99.ETC</Filter>
    </Image>
    <Image Include="small.ico">
      <Filter>99.ETC</Filter>
    </Image>
  </ItemGroup>
  <ItemGroup>
    <ResourceCompile Include="Running_Game_TeamProject.rc">
      <Filter>99.ETC</Filter>
    </ResourceCompile>
  </ItemGroup>
  <ItemGroup>
    <Text Include="ReadMe.txt">
      <Filter>99.ETC</Filter>
    </Text>
  </ItemGroup>
</Project>